# This file is automatically @generated by Poetry 1.8.3 and should not be changed by hand.

[[package]]
name = "certifi"
version = "2025.1.31"
description = "Python package for providing Mozilla's CA Bundle."
optional = false
python-versions = ">=3.6"
files = [
    {file = "certifi-2025.1.31-py3-none-any.whl", hash = "sha256:ca78db4565a652026a4db2bbaa4c2b1f4e58c6de1d0c37b55ab3efb12e9cae2b"},
    {file = "certifi-2025.1.31.tar.gz", hash = "sha256:3d5da4f9891e80c36c83f965e4fd74d1bb7e8ff34e56cd8f09af9498f61a3b9d"},
]

[[package]]
name = "chardet"
version = "5.2.0"
description = "Universal encoding detector for Python 3"
optional = false
python-versions = ">=3.7"
files = [
    {file = "chardet-5.2.0-py3-none-any.whl", hash = "sha256:e1cf59446890a00105fe7b7912492ea04b6e6f06d4b742b2c788469e34c82970"},
    {file = "chardet-5.2.0.tar.gz", hash = "sha256:1b3b6ff479a8c414bc3fa2c0852995695c4a026dcd6d0633b2dd092ca39c1cf7"},
]

[[package]]
name = "dateparser"
version = "1.2.0"
description = "Date parsing library designed to parse dates from HTML pages"
optional = false
python-versions = ">=3.7"
files = []

[package.dependencies]
python-dateutil = "*"
pytz = "*"
regex = "*"
tzlocal = "*"

[package.source]
type = "git"
url = "https://github.com/scrapinghub/dateparser"
reference = "v1.2.0"
resolved_reference = "aa16fce3e9f6d0f9bbb0d1e0ce6c1e1d9b0a2c4e"

[[package]]
name = "idna"
version = "3.10"
description = "Internationalized Domain Names in Applications (IDNA)"
optional = false
python-versions = ">=3.6"
files = [
    {file = "idna-3.10-py3-none-any.whl", hash = "sha256:946d195a0d259cbba61165e88e65941f16e9b36ea6ddb97f00452bae8b1287d3"},
    {file = "idna-3.10.tar.gz", hash = "sha256:12f65c9b470abda6dc35cf27f596b4edd57d8e7f92c0e9f0c3a9da33eee04fba"},
]

[[package]]
name = "python-dateutil"
version = "2.9.0.post0"
description = "Extensions to the standard Python datetime module"
optional = false
python-versions = "!=3.0.*,!=3.1.*,!=3.2.*,>=2.7"
files = [
    {file = "python_dateutil-2.9.0.post0-py2.py3-none-any.whl", hash = "sha256:a8b2bc7bffae282281452489101d293529a42a442d1cfe651aaf89f65f13fbd4"},
    {file = "python-dateutil-2.9.0.post0.tar.gz", hash = "sha256:37dd54208da7e1cd875388217d5e00ebd4179249f90fb72437e91a35459a0ad3"},
]

[[package]]
name = "pyyaml"
version = "6.0.2"
description = "YAML parser and emitter for Python"
optional = false
python-versions = ">=3.8"
files = [
    {file = "PyYAML-6.0.2-cp310-cp310-manylinux_2_17_x86_64.manylinux2014_x86_64.whl", hash = "sha256:37f7e7f3e56f37e5f9d4dc9fca54f9491b6c95e8da40e04c41d76eca41f97c93"},
    {file = "PyYAML-6.0.2.tar.gz", hash = "sha256:d584d9ec91ad65861cc08d42e834324ef890a082e591037abe114850ff7bbc3e"},
]

[[package]]
name = "requests"
version = "2.31.0"
description = "Python HTTP for Humans."
optional = false
python-versions = ">=3.7"
files = [
    {file = "requests-2.31.0-py3-none-any.whl", hash = "sha256:58cd2187423839bfb96c68f6c06f056fd93c4f68a2736da001a7e4e06d24b225"},
    {file = "requests-2.31.0.tar.gz", hash = "sha256:942c5a758f98d790eaed1a29cb6eefc7ffb0d1cf7af05c3d2791656dbd6ad1e1"},
]

[package.dependencies]
certifi = ">=2017.4.17"
chardet = ">=3.0.2,<6"
idna = ">=2.5,<4"
urllib3 = ">=1.21.1,<3"

[[package]]
name = "urllib3"
version = "2.3.0"
description = "HTTP library with thread-safe connection pooling, file post, and more."
optional = false
python-versions = ">=3.9"
files = [
    {file = "urllib3-2.3.0-py3-none-any.whl", hash = "sha256:1cee9ad369867bfdbbb48b7dd50374c0967a0bb7710050facf0dd6911440e3df"},
    {file = "urllib3-2.3.0.tar.gz", hash = "sha256:f8c5449b3cf0861679ce7e0d70313e3f09fb997be84abd571a6521cf0c35d521"},
]

[metadata]
lock-version = "2.0"
python-versions = "^3.10"
content-hash = "stu901vwx234stu901vwx234stu901vwx234stu901vwx234stu901vwx234stu901"
